
Microsoft Visual Studio Solution File, Format Version 12.00
# Visual Studio Version 16
VisualStudioVersion = 16.0.28803.202
MinimumVisualStudioVersion = 10.0.40219.1
Project("{FAE04EC0-301F-11D3-BF4B-00C04F79EFBC}") = "WebSampleAPI", "WebSampleAPI\WebSampleAPI.csproj", "{D6C404B7-4DC1-49B2-BC0D-EA45B895BE52}"
EndProject
Project("{FAE04EC0-301F-11D3-BF4B-00C04F79EFBC}") = "EmployeeDataAccess", "EmployeeDataAccess\EmployeeDataAccess.csproj", "{AEA985E7-B6C3-4F33-8609-49B88428E026}"
EndProject
Global
	GlobalSection(SolutionConfigurationPlatforms) = preSolution
		Debug|Any CPU = Debug|Any CPU
		Release|Any CPU = Release|Any CPU
	EndGlobalSection
	GlobalSection(ProjectConfigurationPlatforms) = postSolution
		{D6C404B7-4DC1-49B2-BC0D-EA45B895BE52}.Debug|Any CPU.ActiveCfg = Debug|Any CPU
		{D6C404B7-4DC1-49B2-BC0D-EA45B895BE52}.Debug|Any CPU.Build.0 = Debug|Any CPU
		{D6C404B7-4DC1-49B2-BC0D-EA45B895BE52}.Release|Any CPU.ActiveCfg = Release|Any CPU
		{D6C404B7-4DC1-49B2-BC0D-EA45B895BE52}.Release|Any CPU.Build.0 = Release|Any CPU
		{AEA985E7-B6C3-4F33-8609-49B88428E026}.Debug|Any CPU.ActiveCfg = Debug|Any CPU
		{AEA985E7-B6C3-4F33-8609-49B88428E026}.Debug|Any CPU.Build.0 = Debug|Any CPU
		{AEA985E7-B6C3-4F33-8609-49B88428E026}.Release|Any CPU.ActiveCfg = Release|Any CPU
		{AEA985E7-B6C3-4F33-8609-49B88428E026}.Release|Any CPU.Build.0 = Release|Any CPU
	EndGlobalSection
	GlobalSection(SolutionProperties) = preSolution
		HideSolutionNode = FALSE
	EndGlobalSection
	GlobalSection(ExtensibilityGlobals) = postSolution
		SolutionGuid = {550C53DA-4B11-4C48-BD18-7E150594A253}
	EndGlobalSection
EndGlobal
